
Microsoft Visual Studio Solution File, Format Version 12.00
# Visual Studio Version 17
VisualStudioVersion = 17.7.34221.43
MinimumVisualStudioVersion = 10.0.40219.1
Project("{FAE04EC0-301F-11D3-BF4B-00C04F79EFBC}") = "Kitabe_Evi", "Kitabe_Evi\Kitabe_Evi.csproj", "{EDA7B67A-2E98-4899-8169-8F2FEA964629}"
EndProject
Global
	GlobalSection(SolutionConfigurationPlatforms) = preSolution
		Debug|Any CPU = Debug|Any CPU
		Release|Any CPU = Release|Any CPU
	EndGlobalSection
	GlobalSection(ProjectConfigurationPlatforms) = postSolution
		{EDA7B67A-2E98-4899-8169-8F2FEA964629}.Debug|Any CPU.ActiveCfg = Debug|Any CPU
		{EDA7B67A-2E98-4899-8169-8F2FEA964629}.Debug|Any CPU.Build.0 = Debug|Any CPU
		{EDA7B67A-2E98-4899-8169-8F2FEA964629}.Release|Any CPU.ActiveCfg = Release|Any CPU
		{EDA7B67A-2E98-4899-8169-8F2FEA964629}.Release|Any CPU.Build.0 = Release|Any CPU
	EndGlobalSection
	GlobalSection(SolutionProperties) = preSolution
		HideSolutionNode = FALSE
	EndGlobalSection
	GlobalSection(ExtensibilityGlobals) = postSolution
		SolutionGuid = {D6A60550-9282-4E3E-BC0F-979D514A4500}
	EndGlobalSection
EndGlobal
